// !$*UTF8*$!
{
	archiveVersion = 1;
	classes = {
	};
	objectVersion = 50;
	objects = {

/* Begin PBXBuildFile section */
		2004D01825C9A0C90040CC3E /* My_ProjectApp.swift in Sources */ = {isa = PBXBuildFile; fileRef = 2004D01725C9A0C90040CC3E /* My_ProjectApp.swift */; };
		2004D01C25C9A0C90040CC3E /* Assets.xcassets in Resources */ = {isa = PBXBuildFile; fileRef = 2004D01B25C9A0C90040CC3E /* Assets.xcassets */; };
		2004D01F25C9A0C90040CC3E /* Preview Assets.xcassets in Resources */ = {isa = PBXBuildFile; fileRef = 2004D01E25C9A0C90040CC3E /* Preview Assets.xcassets */; };
		2004D02A25C9A1BC0040CC3E /* NetworkManager.swift in Sources */ = {isa = PBXBuildFile; fileRef = 2004D02925C9A1BC0040CC3E /* NetworkManager.swift */; };
		2004D02F25C9A20E0040CC3E /* taskGet.swift in Sources */ = {isa = PBXBuildFile; fileRef = 2004D02E25C9A20E0040CC3E /* taskGet.swift */; };
		2004D03225C9A2160040CC3E /* taskInfo.swift in Sources */ = {isa = PBXBuildFile; fileRef = 2004D03125C9A2160040CC3E /* taskInfo.swift */; };
		2004D04325C9A44A0040CC3E /* settingsView.swift in Sources */ = {isa = PBXBuildFile; fileRef = 2004D03C25C9A44A0040CC3E /* settingsView.swift */; };
		2004D04425C9A44A0040CC3E /* SideMenuOptionView.swift in Sources */ = {isa = PBXBuildFile; fileRef = 2004D03E25C9A44A0040CC3E /* SideMenuOptionView.swift */; };
		2004D04525C9A44A0040CC3E /* SideMenuHeaderView.swift in Sources */ = {isa = PBXBuildFile; fileRef = 2004D03F25C9A44A0040CC3E /* SideMenuHeaderView.swift */; };
		2004D04625C9A44A0040CC3E /* SideMenuViewModel.swift in Sources */ = {isa = PBXBuildFile; fileRef = 2004D04025C9A44A0040CC3E /* SideMenuViewModel.swift */; };
		2004D04725C9A44A0040CC3E /* SideMenuView.swift in Sources */ = {isa = PBXBuildFile; fileRef = 2004D04125C9A44A0040CC3E /* SideMenuView.swift */; };
		2004D04825C9A44A0040CC3E /* ContentView.swift in Sources */ = {isa = PBXBuildFile; fileRef = 2004D04225C9A44A0040CC3E /* ContentView.swift */; };
		2004D04B25CABD610040CC3E /* TasksView.swift in Sources */ = {isa = PBXBuildFile; fileRef = 2004D04A25CABD610040CC3E /* TasksView.swift */; };
		20604AE226F1F64C00E6DC86 /* testlist.plist in Resources */ = {isa = PBXBuildFile; fileRef = 20604AE126F1F64C00E6DC86 /* testlist.plist */; };
		20604AE426F209B400E6DC86 /* pickertest.swift in Sources */ = {isa = PBXBuildFile; fileRef = 20604AE326F209B400E6DC86 /* pickertest.swift */; };
/* End PBXBuildFile section */

/* Begin PBXFileReference section */
		2004D01425C9A0C90040CC3E /* My Project.app */ = {isa = PBXFileReference; explicitFileType = wrapper.application; includeInIndex = 0; path = "My Project.app"; sourceTree = BUILT_PRODUCTS_DIR; };
		2004D01725C9A0C90040CC3E /* My_ProjectApp.swift */ = {isa = PBXFileReference; lastKnownFileType = sourcecode.swift; path = My_ProjectApp.swift; sourceTree = "<group>"; };
		2004D01B25C9A0C90040CC3E /* Assets.xcassets */ = {isa = PBXFileReference; lastKnownFileType = folder.assetcatalog; path = Assets.xcassets; sourceTree = "<group>"; };
		2004D01E25C9A0C90040CC3E /* Preview Assets.xcassets */ = {isa = PBXFileReference; lastKnownFileType = folder.assetcatalog; path = "Preview Assets.xcassets"; sourceTree = "<group>"; };
		2004D02025C9A0C90040CC3E /* Info.plist */ = {isa = PBXFileReference; lastKnownFileType = text.plist.xml; path = Info.plist; sourceTree = "<group>"; };
		2004D02925C9A1BC0040CC3E /* NetworkManager.swift */ = {isa = PBXFileReference; lastKnownFileType = sourcecode.swift; path = NetworkManager.swift; sourceTree = "<group>"; };
		2004D02E25C9A20E0040CC3E /* taskGet.swift */ = {isa = PBXFileReference; lastKnownFileType = sourcecode.swift; path = taskGet.swift; sourceTree = "<group>"; };
		2004D03125C9A2160040CC3E /* taskInfo.swift */ = {isa = PBXFileReference; lastKnownFileType = sourcecode.swift; path = taskInfo.swift; sourceTree = "<group>"; };
		2004D03C25C9A44A0040CC3E /* settingsView.swift */ = {isa = PBXFileReference; fileEncoding = 4; lastKnownFileType = sourcecode.swift; path = settingsView.swift; sourceTree = "<group>"; };
		2004D03E25C9A44A0040CC3E /* SideMenuOptionView.swift */ = {isa = PBXFileReference; fileEncoding = 4; lastKnownFileType = sourcecode.swift; path = SideMenuOptionView.swift; sourceTree = "<group>"; };
		2004D03F25C9A44A0040CC3E /* SideMenuHeaderView.swift */ = {isa = PBXFileReference; fileEncoding = 4; lastKnownFileType = sourcecode.swift; path = SideMenuHeaderView.swift; sourceTree = "<group>"; };
		2004D04025C9A44A0040CC3E /* SideMenuViewModel.swift */ = {isa = PBXFileReference; fileEncoding = 4; lastKnownFileType = sourcecode.swift; path = SideMenuViewModel.swift; sourceTree = "<group>"; };
		2004D04125C9A44A0040CC3E /* SideMenuView.swift */ = {isa = PBXFileReference; fileEncoding = 4; lastKnownFileType = sourcecode.swift; path = SideMenuView.swift; sourceTree = "<group>"; };
		2004D04225C9A44A0040CC3E /* ContentView.swift */ = {isa = PBXFileReference; fileEncoding = 4; lastKnownFileType = sourcecode.swift; path = ContentView.swift; sourceTree = "<group>"; };
		2004D04A25CABD610040CC3E /* TasksView.swift */ = {isa = PBXFileReference; lastKnownFileType = sourcecode.swift; path = TasksView.swift; sourceTree = "<group>"; usesTabs = 0; };
		20604AE126F1F64C00E6DC86 /* testlist.plist */ = {isa = PBXFileReference; lastKnownFileType = text.plist.xml; path = testlist.plist; sourceTree = "<group>"; };
		20604AE326F209B400E6DC86 /* pickertest.swift */ = {isa = PBXFileReference; lastKnownFileType = sourcecode.swift; path = pickertest.swift; sourceTree = "<group>"; };
/* End PBXFileReference section */

/* Begin PBXFrameworksBuildPhase section */
		2004D01125C9A0C90040CC3E /* Frameworks */ = {
			isa = PBXFrameworksBuildPhase;
			buildActionMask = 2147483647;
			files = (
			);
			runOnlyForDeploymentPostprocessing = 0;
		};
/* End PBXFrameworksBuildPhase section */

/* Begin PBXGroup section */
		2004D00B25C9A0C90040CC3E = {
			isa = PBXGroup;
			children = (
				2004D01625C9A0C90040CC3E /* My Project */,
				2004D01525C9A0C90040CC3E /* Products */,
			);
			sourceTree = "<group>";
		};
		2004D01525C9A0C90040CC3E /* Products */ = {
			isa = PBXGroup;
			children = (
				2004D01425C9A0C90040CC3E /* My Project.app */,
			);
			name = Products;
			sourceTree = "<group>";
		};
		2004D01625C9A0C90040CC3E /* My Project */ = {
			isa = PBXGroup;
			children = (
				2004D03B25C9A44A0040CC3E /* Views */,
				2004D02D25C9A1D20040CC3E /* Codables */,
				2004D02825C9A1A30040CC3E /* Classes */,
				2004D01725C9A0C90040CC3E /* My_ProjectApp.swift */,
				2004D01B25C9A0C90040CC3E /* Assets.xcassets */,
				2004D02025C9A0C90040CC3E /* Info.plist */,
				2004D01D25C9A0C90040CC3E /* Preview Content */,
			);
			path = "My Project";
			sourceTree = "<group>";
		};
		2004D01D25C9A0C90040CC3E /* Preview Content */ = {
			isa = PBXGroup;
			children = (
				2004D01E25C9A0C90040CC3E /* Preview Assets.xcassets */,
			);
			path = "Preview Content";
			sourceTree = "<group>";
		};
		2004D02825C9A1A30040CC3E /* Classes */ = {
			isa = PBXGroup;
			children = (
				2004D02925C9A1BC0040CC3E /* NetworkManager.swift */,
			);
			path = Classes;
			sourceTree = "<group>";
		};
		2004D02D25C9A1D20040CC3E /* Codables */ = {
			isa = PBXGroup;
			children = (
				2004D02E25C9A20E0040CC3E /* taskGet.swift */,
				2004D03125C9A2160040CC3E /* taskInfo.swift */,
			);
			path = Codables;
			sourceTree = "<group>";
		};
		2004D03B25C9A44A0040CC3E /* Views */ = {
			isa = PBXGroup;
			children = (
				2004D04225C9A44A0040CC3E /* ContentView.swift */,
				20604AE326F209B400E6DC86 /* pickertest.swift */,
				20604AE126F1F64C00E6DC86 /* testlist.plist */,
				2004D03C25C9A44A0040CC3E /* settingsView.swift */,
				2004D04A25CABD610040CC3E /* TasksView.swift */,
				2004D03D25C9A44A0040CC3E /* SideMenu */,
			);
			path = Views;
			sourceTree = "<group>";
		};
		2004D03D25C9A44A0040CC3E /* SideMenu */ = {
			isa = PBXGroup;
			children = (
				2004D03E25C9A44A0040CC3E /* SideMenuOptionView.swift */,
				2004D03F25C9A44A0040CC3E /* SideMenuHeaderView.swift */,
				2004D04025C9A44A0040CC3E /* SideMenuViewModel.swift */,
				2004D04125C9A44A0040CC3E /* SideMenuView.swift */,
			);
			path = SideMenu;
			sourceTree = "<group>";
		};
/* End PBXGroup section */

/* Begin PBXNativeTarget section */
		2004D01325C9A0C90040CC3E /* My Project */ = {
			isa = PBXNativeTarget;
			buildConfigurationList = 2004D02325C9A0C90040CC3E /* Build configuration list for PBXNativeTarget "My Project" */;
			buildPhases = (
				2004D01025C9A0C90040CC3E /* Sources */,
				2004D01125C9A0C90040CC3E /* Frameworks */,
				2004D01225C9A0C90040CC3E /* Resources */,
			);
			buildRules = (
			);
			dependencies = (
			);
			name = "My Project";
			productName = "My Project";
			productReference = 2004D01425C9A0C90040CC3E /* My Project.app */;
			productType = "com.apple.product-type.application";
		};
/* End PBXNativeTarget section */

/* Begin PBXProject section */
		2004D00C25C9A0C90040CC3E /* Project object */ = {
			isa = PBXProject;
			attributes = {
				LastSwiftUpdateCheck = 1240;
				LastUpgradeCheck = 1240;
				TargetAttributes = {
					2004D01325C9A0C90040CC3E = {
						CreatedOnToolsVersion = 12.4;
					};
				};
			};
			buildConfigurationList = 2004D00F25C9A0C90040CC3E /* Build configuration list for PBXProject "My Project" */;
			compatibilityVersion = "Xcode 9.3";
			developmentRegion = en;
			hasScannedForEncodings = 0;
			knownRegions = (
				en,
				Base,
			);
			mainGroup = 2004D00B25C9A0C90040CC3E;
			productRefGroup = 2004D01525C9A0C90040CC3E /* Products */;
			projectDirPath = "";
			projectRoot = "";
			targets = (
				2004D01325C9A0C90040CC3E /* My Project */,
			);
		};
/* End PBXProject section */

/* Begin PBXResourcesBuildPhase section */
		2004D01225C9A0C90040CC3E /* Resources */ = {
			isa = PBXResourcesBuildPhase;
			buildActionMask = 2147483647;
			files = (
				20604AE226F1F64C00E6DC86 /* testlist.plist in Resources */,
				2004D01F25C9A0C90040CC3E /* Preview Assets.xcassets in Resources */,
				2004D01C25C9A0C90040CC3E /* Assets.xcassets in Resources */,
			);
			runOnlyForDeploymentPostprocessing = 0;
		};
/* End PBXResourcesBuildPhase section */

/* Begin PBXSourcesBuildPhase section */
		2004D01025C9A0C90040CC3E /* Sources */ = {
			isa = PBXSourcesBuildPhase;
			buildActionMask = 2147483647;
			files = (
				2004D04625C9A44A0040CC3E /* SideMenuViewModel.swift in Sources */,
				2004D04325C9A44A0040CC3E /* settingsView.swift in Sources */,
				2004D04525C9A44A0040CC3E /* SideMenuHeaderView.swift in Sources */,
				2004D04B25CABD610040CC3E /* TasksView.swift in Sources */,
				2004D02F25C9A20E0040CC3E /* taskGet.swift in Sources */,
				20604AE426F209B400E6DC86 /* pickertest.swift in Sources */,
				2004D02A25C9A1BC0040CC3E /* NetworkManager.swift in Sources */,
				2004D01825C9A0C90040CC3E /* My_ProjectApp.swift in Sources */,
				2004D04825C9A44A0040CC3E /* ContentView.swift in Sources */,
				2004D04725C9A44A0040CC3E /* SideMenuView.swift in Sources */,
				2004D03225C9A2160040CC3E /* taskInfo.swift in Sources */,
				2004D04425C9A44A0040CC3E /* SideMenuOptionView.swift in Sources */,
			);
			runOnlyForDeploymentPostprocessing = 0;
		};
/* End PBXSourcesBuildPhase section */

/* Begin XCBuildConfiguration section */
		2004D02125C9A0C90040CC3E /* Debug */ = {
			isa = XCBuildConfiguration;
			buildSettings = {
				ALWAYS_SEARCH_USER_PATHS = NO;
				CLANG_ANALYZER_NONNULL = YES;
				CLANG_ANALYZER_NUMBER_OBJECT_CONVERSION = YES_AGGRESSIVE;
				CLANG_CXX_LANGUAGE_STANDARD = "gnu++14";
				CLANG_CXX_LIBRARY = "libc++";
				CLANG_ENABLE_MODULES = YES;
				CLANG_ENABLE_OBJC_ARC = YES;
				CLANG_ENABLE_OBJC_WEAK = YES;
				CLANG_WARN_BLOCK_CAPTURE_AUTORELEASING = YES;
				CLANG_WARN_BOOL_CONVERSION = YES;
				CLANG_WARN_COMMA = YES;
				CLANG_WARN_CONSTANT_CONVERSION = YES;
				CLANG_WARN_DEPRECATED_OBJC_IMPLEMENTATIONS = YES;
				CLANG_WARN_DIRECT_OBJC_ISA_USAGE = YES_ERROR;
				CLANG_WARN_DOCUMENTATION_COMMENTS = YES;
				CLANG_WARN_EMPTY_BODY = YES;
				CLANG_WARN_ENUM_CONVERSION = YES;
				CLANG_WARN_INFINITE_RECURSION = YES;
				CLANG_WARN_INT_CONVERSION = YES;
				CLANG_WARN_NON_LITERAL_NULL_CONVERSION = YES;
				CLANG_WARN_OBJC_IMPLICIT_RETAIN_SELF = YES;
				CLANG_WARN_OBJC_LITERAL_CONVERSION = YES;
				CLANG_WARN_OBJC_ROOT_CLASS = YES_ERROR;
				CLANG_WARN_QUOTED_INCLUDE_IN_FRAMEWORK_HEADER = YES;
				CLANG_WARN_RANGE_LOOP_ANALYSIS = YES;
				CLANG_WARN_STRICT_PROTOTYPES = YES;
				CLANG_WARN_SUSPICIOUS_MOVE = YES;
				CLANG_WARN_UNGUARDED_AVAILABILITY = YES_AGGRESSIVE;
				CLANG_WARN_UNREACHABLE_CODE = YES;
				CLANG_WARN__DUPLICATE_METHOD_MATCH = YES;
				COPY_PHASE_STRIP = NO;
				DEBUG_INFORMATION_FORMAT = dwarf;
				ENABLE_STRICT_OBJC_MSGSEND = YES;
				ENABLE_TESTABILITY = YES;
				GCC_C_LANGUAGE_STANDARD = gnu11;
				GCC_DYNAMIC_NO_PIC = NO;
				GCC_NO_COMMON_BLOCKS = YES;
				GCC_OPTIMIZATION_LEVEL = 0;
				GCC_PREPROCESSOR_DEFINITIONS = (
					"DEBUG=1",
					"$(inherited)",
				);
				GCC_WARN_64_TO_32_BIT_CONVERSION = YES;
				GCC_WARN_ABOUT_RETURN_TYPE = YES_ERROR;
				GCC_WARN_UNDECLARED_SELECTOR = YES;
				GCC_WARN_UNINITIALIZED_AUTOS = YES_AGGRESSIVE;
				GCC_WARN_UNUSED_FUNCTION = YES;
				GCC_WARN_UNUSED_VARIABLE = YES;
				IPHONEOS_DEPLOYMENT_TARGET = 14.4;
				MTL_ENABLE_DEBUG_INFO = INCLUDE_SOURCE;
				MTL_FAST_MATH = YES;
				ONLY_ACTIVE_ARCH = YES;
				SDKROOT = iphoneos;
				SWIFT_ACTIVE_COMPILATION_CONDITIONS = DEBUG;
				SWIFT_OPTIMIZATION_LEVEL = "-Onone";
			};
			name = Debug;
		};
		2004D02225C9A0C90040CC3E /* Release */ = {
			isa = XCBuildConfiguration;
			buildSettings = {
				ALWAYS_SEARCH_USER_PATHS = NO;
				CLANG_ANALYZER_NONNULL = YES;
				CLANG_ANALYZER_NUMBER_OBJECT_CONVERSION = YES_AGGRESSIVE;
				CLANG_CXX_LANGUAGE_STANDARD = "gnu++14";
				CLANG_CXX_LIBRARY = "libc++";
				CLANG_ENABLE_MODULES = YES;
				CLANG_ENABLE_OBJC_ARC = YES;
				CLANG_ENABLE_OBJC_WEAK = YES;
				CLANG_WARN_BLOCK_CAPTURE_AUTORELEASING = YES;
				CLANG_WARN_BOOL_CONVERSION = YES;
				CLANG_WARN_COMMA = YES;
				CLANG_WARN_CONSTANT_CONVERSION = YES;
				CLANG_WARN_DEPRECATED_OBJC_IMPLEMENTATIONS = YES;
				CLANG_WARN_DIRECT_OBJC_ISA_USAGE = YES_ERROR;
				CLANG_WARN_DOCUMENTATION_COMMENTS = YES;
				CLANG_WARN_EMPTY_BODY = YES;
				CLANG_WARN_ENUM_CONVERSION = YES;
				CLANG_WARN_INFINITE_RECURSION = YES;
				CLANG_WARN_INT_CONVERSION = YES;
				CLANG_WARN_NON_LITERAL_NULL_CONVERSION = YES;
				CLANG_WARN_OBJC_IMPLICIT_RETAIN_SELF = YES;
				CLANG_WARN_OBJC_LITERAL_CONVERSION = YES;
				CLANG_WARN_OBJC_ROOT_CLASS = YES_ERROR;
				CLANG_WARN_QUOTED_INCLUDE_IN_FRAMEWORK_HEADER = YES;
				CLANG_WARN_RANGE_LOOP_ANALYSIS = YES;
				CLANG_WARN_STRICT_PROTOTYPES = YES;
				CLANG_WARN_SUSPICIOUS_MOVE = YES;
				CLANG_WARN_UNGUARDED_AVAILABILITY = YES_AGGRESSIVE;
				CLANG_WARN_UNREACHABLE_CODE = YES;
				CLANG_WARN__DUPLICATE_METHOD_MATCH = YES;
				COPY_PHASE_STRIP = NO;
				DEBUG_INFORMATION_FORMAT = "dwarf-with-dsym";
				ENABLE_NS_ASSERTIONS = NO;
				ENABLE_STRICT_OBJC_MSGSEND = YES;
				GCC_C_LANGUAGE_STANDARD = gnu11;
				GCC_NO_COMMON_BLOCKS = YES;
				GCC_WARN_64_TO_32_BIT_CONVERSION = YES;
				GCC_WARN_ABOUT_RETURN_TYPE = YES_ERROR;
				GCC_WARN_UNDECLARED_SELECTOR = YES;
				GCC_WARN_UNINITIALIZED_AUTOS = YES_AGGRESSIVE;
				GCC_WARN_UNUSED_FUNCTION = YES;
				GCC_WARN_UNUSED_VARIABLE = YES;
				IPHONEOS_DEPLOYMENT_TARGET = 14.4;
				MTL_ENABLE_DEBUG_INFO = NO;
				MTL_FAST_MATH = YES;
				SDKROOT = iphoneos;
				SWIFT_COMPILATION_MODE = wholemodule;
				SWIFT_OPTIMIZATION_LEVEL = "-O";
				VALIDATE_PRODUCT = YES;
			};
			name = Release;
		};
		2004D02425C9A0C90040CC3E /* Debug */ = {
			isa = XCBuildConfiguration;
			buildSettings = {
				ASSETCATALOG_COMPILER_APPICON_NAME = AppIcon;
				ASSETCATALOG_COMPILER_GLOBAL_ACCENT_COLOR_NAME = AccentColor;
				CODE_SIGN_STYLE = Automatic;
				DEVELOPMENT_ASSET_PATHS = "\"My Project/Preview Content\"";
				ENABLE_PREVIEWS = YES;
				INFOPLIST_FILE = "My Project/Info.plist";
				IPHONEOS_DEPLOYMENT_TARGET = 14.0;
				LD_RUNPATH_SEARCH_PATHS = (
					"$(inherited)",
					"@executable_path/Frameworks",
				);
				PRODUCT_BUNDLE_IDENTIFIER = "hiltonangus.My-Project";
				PRODUCT_NAME = "$(TARGET_NAME)";
				SWIFT_VERSION = 5.0;
				TARGETED_DEVICE_FAMILY = "1,2";
			};
			name = Debug;
		};
		2004D02525C9A0C90040CC3E /* Release */ = {
			isa = XCBuildConfiguration;
			buildSettings = {
				ASSETCATALOG_COMPILER_APPICON_NAME = AppIcon;
				ASSETCATALOG_COMPILER_GLOBAL_ACCENT_COLOR_NAME = AccentColor;
				CODE_SIGN_STYLE = Automatic;
				DEVELOPMENT_ASSET_PATHS = "\"My Project/Preview Content\"";
				ENABLE_PREVIEWS = YES;
				INFOPLIST_FILE = "My Project/Info.plist";
				IPHONEOS_DEPLOYMENT_TARGET = 14.0;
				LD_RUNPATH_SEARCH_PATHS = (
					"$(inherited)",
					"@executable_path/Frameworks",
				);
				PRODUCT_BUNDLE_IDENTIFIER = "hiltonangus.My-Project";
				PRODUCT_NAME = "$(TARGET_NAME)";
				SWIFT_VERSION = 5.0;
				TARGETED_DEVICE_FAMILY = "1,2";
			};
			name = Release;
		};
/* End XCBuildConfiguration section */

/* Begin XCConfigurationList section */
		2004D00F25C9A0C90040CC3E /* Build configuration list for PBXProject "My Project" */ = {
			isa = XCConfigurationList;
			buildConfigurations = (
				2004D02125C9A0C90040CC3E /* Debug */,
				2004D02225C9A0C90040CC3E /* Release */,
			);
			defaultConfigurationIsVisible = 0;
			defaultConfigurationName = Release;
		};
		2004D02325C9A0C90040CC3E /* Build configuration list for PBXNativeTarget "My Project" */ = {
			isa = XCConfigurationList;
			buildConfigurations = (
				2004D02425C9A0C90040CC3E /* Debug */,
				2004D02525C9A0C90040CC3E /* Release */,
			);
			defaultConfigurationIsVisible = 0;
			defaultConfigurationName = Release;
		};
/* End XCConfigurationList section */
	};
	rootObject = 2004D00C25C9A0C90040CC3E /* Project object */;
}
